{
  "name": "@loom/sdk",
  "version": "0.0.0",
  "lockfileVersion": 3,
  "requires": true,
  "packages": {
    "": {
      "name": "@loom/sdk",
      "version": "0.0.0",
      "dependencies": {
        "@loom/account": "file:../account",
        "@loom/core": "file:../core",
        "js-sha3": "0.8.0"
      },
      "devDependencies": {
        "@loom/privacy": "file:../privacy"
      }
    },
    "../account": {
      "name": "@loom/account",
      "version": "0.0.0"
    },
    "../core": {
      "name": "@loom/core",
      "version": "0.0.0",
      "dependencies": {
        "ajv": "^8.17.1",
        "viem": "^2.21.0"
      }
    },
    "../privacy": {
      "name": "@loom/privacy",
      "version": "0.0.0",
      "dev": true,
      "dependencies": {
        "@kohaku-eth/plugins": "0.0.1-alpha.9",
        "@kohaku-eth/privacy-pools": "0.0.1",
        "@kohaku-eth/provider": "0.1.0-alpha.8",
        "@kohaku-eth/railgun": "0.0.1-alpha.26",
        "@kohaku-eth/tornado-cash": "0.0.1",
        "js-sha256": "^0.11.1"
      }
    },
    "node_modules/@loom/account": {
      "resolved": "../account",
      "link": true
    },
    "node_modules/@loom/core": {
      "resolved": "../core",
      "link": true
    },
    "node_modules/@loom/privacy": {
      "resolved": "../privacy",
      "link": true
    },
    "node_modules/js-sha3": {
      "version": "0.8.0",
      "resolved": "https://registry.npmjs.org/js-sha3/-/js-sha3-0.8.0.tgz",
      "integrity": "sha512-gF1cRrHhIzNfToc802P800N8PpXS+evLLXfsVpowqmAFR9uwbi89WvXg2QspOmXL8QL86J4T1EpFu+yUkwJY3Q==",
      "license": "MIT"
    }
  }
}
