{
  "name": "@loom/account",
  "version": "0.0.0",
  "lockfileVersion": 3,
  "requires": true,
  "packages": {
    "": {
      "name": "@loom/account",
      "version": "0.0.0",
      "dependencies": {
        "@loom/sdk": "file:../sdk"
      }
    },
    "../sdk": {
      "name": "@loom/sdk",
      "version": "0.0.0",
      "dependencies": {
        "@loom/core": "file:../core",
        "js-sha3": "0.8.0"
      },
      "devDependencies": {
        "@loom/privacy": "file:../privacy"
      }
    },
    "node_modules/@loom/sdk": {
      "resolved": "../sdk",
      "link": true
    }
  }
}
